// !$*UTF8*$!
{
	archiveVersion = 1;
	classes = {
	};
	objectVersion = 55;
	objects = {

/* Begin PBXBuildFile section */
		AAF6B2EAF8C6769EF805CE2E /* Pods_PlacesExplorer.framework in Frameworks */ = {isa = PBXBuildFile; fileRef = 455CD101C751180AAC57E36D /* Pods_PlacesExplorer.framework */; };
		F9686BFE2797DB2D00B68824 /* AppDelegate.swift in Sources */ = {isa = PBXBuildFile; fileRef = F9686BFD2797DB2D00B68824 /* AppDelegate.swift */; };
		F9686C002797DB2D00B68824 /* SceneDelegate.swift in Sources */ = {isa = PBXBuildFile; fileRef = F9686BFF2797DB2D00B68824 /* SceneDelegate.swift */; };
		F9686C072797DB3000B68824 /* Assets.xcassets in Resources */ = {isa = PBXBuildFile; fileRef = F9686C062797DB3000B68824 /* Assets.xcassets */; };
		F9686C0A2797DB3000B68824 /* LaunchScreen.storyboard in Resources */ = {isa = PBXBuildFile; fileRef = F9686C082797DB3000B68824 /* LaunchScreen.storyboard */; };
		F9686C1A2798125100B68824 /* PlacesModel.swift in Sources */ = {isa = PBXBuildFile; fileRef = F9686C192798125100B68824 /* PlacesModel.swift */; };
		F99BF30F279C797B00F843E6 /* Constants.swift in Sources */ = {isa = PBXBuildFile; fileRef = F99BF30E279C797B00F843E6 /* Constants.swift */; };
		F99BF311279C7CEB00F843E6 /* NetworkService.swift in Sources */ = {isa = PBXBuildFile; fileRef = F99BF310279C7CEB00F843E6 /* NetworkService.swift */; };
		F99BF313279C7D7000F843E6 /* PlacesEndpoint.swift in Sources */ = {isa = PBXBuildFile; fileRef = F99BF312279C7D7000F843E6 /* PlacesEndpoint.swift */; };
		F99BF318279DED5A00F843E6 /* PlacesListViewController.swift in Sources */ = {isa = PBXBuildFile; fileRef = F99BF317279DED5A00F843E6 /* PlacesListViewController.swift */; };
		F99BF31A279ECF6900F843E6 /* PlaceCell.swift in Sources */ = {isa = PBXBuildFile; fileRef = F99BF319279ECF6900F843E6 /* PlaceCell.swift */; };
		F99BF31C279EDFB700F843E6 /* UIView+Extension.swift in Sources */ = {isa = PBXBuildFile; fileRef = F99BF31B279EDFB700F843E6 /* UIView+Extension.swift */; };
		F99BF322279F1AE300F843E6 /* PlaceDetailViewController.swift in Sources */ = {isa = PBXBuildFile; fileRef = F99BF321279F1AE300F843E6 /* PlaceDetailViewController.swift */; };
		F99BF32427A055FD00F843E6 /* FilterCategoriesViewController.swift in Sources */ = {isa = PBXBuildFile; fileRef = F99BF32327A055FD00F843E6 /* FilterCategoriesViewController.swift */; };
		F99BF32627A0580700F843E6 /* FilterCategoryModel.swift in Sources */ = {isa = PBXBuildFile; fileRef = F99BF32527A0580700F843E6 /* FilterCategoryModel.swift */; };
		F99BF32827A06D1300F843E6 /* FilterCategoriesDelegate.swift in Sources */ = {isa = PBXBuildFile; fileRef = F99BF32727A06D1300F843E6 /* FilterCategoriesDelegate.swift */; };
		F9B5D33227A703A800327088 /* UILabel+Extension.swift in Sources */ = {isa = PBXBuildFile; fileRef = F9B5D33127A703A800327088 /* UILabel+Extension.swift */; };
		F9E5A1FB27A07F22002C1FD3 /* PlaceDetailView.swift in Sources */ = {isa = PBXBuildFile; fileRef = F9E5A1FA27A07F22002C1FD3 /* PlaceDetailView.swift */; };
/* End PBXBuildFile section */

/* Begin PBXFileReference section */
		2860376B7811C250F7835650 /* Pods-PlacesExplorer.release.xcconfig */ = {isa = PBXFileReference; includeInIndex = 1; lastKnownFileType = text.xcconfig; name = "Pods-PlacesExplorer.release.xcconfig"; path = "Target Support Files/Pods-PlacesExplorer/Pods-PlacesExplorer.release.xcconfig"; sourceTree = "<group>"; };
		455CD101C751180AAC57E36D /* Pods_PlacesExplorer.framework */ = {isa = PBXFileReference; explicitFileType = wrapper.framework; includeInIndex = 0; path = Pods_PlacesExplorer.framework; sourceTree = BUILT_PRODUCTS_DIR; };
		61DF6E2FAA67D494A5295A69 /* Pods-RestaurantsExplorer.release.xcconfig */ = {isa = PBXFileReference; includeInIndex = 1; lastKnownFileType = text.xcconfig; name = "Pods-RestaurantsExplorer.release.xcconfig"; path = "Target Support Files/Pods-RestaurantsExplorer/Pods-RestaurantsExplorer.release.xcconfig"; sourceTree = "<group>"; };
		83C27496DA515AECD52070E8 /* Pods-RestaurantsExplorer.debug.xcconfig */ = {isa = PBXFileReference; includeInIndex = 1; lastKnownFileType = text.xcconfig; name = "Pods-RestaurantsExplorer.debug.xcconfig"; path = "Target Support Files/Pods-RestaurantsExplorer/Pods-RestaurantsExplorer.debug.xcconfig"; sourceTree = "<group>"; };
		8827DBB40CE46AB78B899BC2 /* Pods-PlacesExplorer.debug.xcconfig */ = {isa = PBXFileReference; includeInIndex = 1; lastKnownFileType = text.xcconfig; name = "Pods-PlacesExplorer.debug.xcconfig"; path = "Target Support Files/Pods-PlacesExplorer/Pods-PlacesExplorer.debug.xcconfig"; sourceTree = "<group>"; };
		F9686BFA2797DB2D00B68824 /* PlacesExplorer.app */ = {isa = PBXFileReference; explicitFileType = wrapper.application; includeInIndex = 0; path = PlacesExplorer.app; sourceTree = BUILT_PRODUCTS_DIR; };
		F9686BFD2797DB2D00B68824 /* AppDelegate.swift */ = {isa = PBXFileReference; lastKnownFileType = sourcecode.swift; path = AppDelegate.swift; sourceTree = "<group>"; };
		F9686BFF2797DB2D00B68824 /* SceneDelegate.swift */ = {isa = PBXFileReference; lastKnownFileType = sourcecode.swift; path = SceneDelegate.swift; sourceTree = "<group>"; };
		F9686C062797DB3000B68824 /* Assets.xcassets */ = {isa = PBXFileReference; lastKnownFileType = folder.assetcatalog; path = Assets.xcassets; sourceTree = "<group>"; };
		F9686C092797DB3000B68824 /* Base */ = {isa = PBXFileReference; lastKnownFileType = file.storyboard; name = Base; path = Base.lproj/LaunchScreen.storyboard; sourceTree = "<group>"; };
		F9686C0B2797DB3000B68824 /* Info.plist */ = {isa = PBXFileReference; lastKnownFileType = text.plist.xml; path = Info.plist; sourceTree = "<group>"; };
		F9686C192798125100B68824 /* PlacesModel.swift */ = {isa = PBXFileReference; lastKnownFileType = sourcecode.swift; path = PlacesModel.swift; sourceTree = "<group>"; };
		F99BF30E279C797B00F843E6 /* Constants.swift */ = {isa = PBXFileReference; lastKnownFileType = sourcecode.swift; path = Constants.swift; sourceTree = "<group>"; };
		F99BF310279C7CEB00F843E6 /* NetworkService.swift */ = {isa = PBXFileReference; lastKnownFileType = sourcecode.swift; path = NetworkService.swift; sourceTree = "<group>"; };
		F99BF312279C7D7000F843E6 /* PlacesEndpoint.swift */ = {isa = PBXFileReference; lastKnownFileType = sourcecode.swift; path = PlacesEndpoint.swift; sourceTree = "<group>"; };
		F99BF317279DED5A00F843E6 /* PlacesListViewController.swift */ = {isa = PBXFileReference; lastKnownFileType = sourcecode.swift; path = PlacesListViewController.swift; sourceTree = "<group>"; };
		F99BF319279ECF6900F843E6 /* PlaceCell.swift */ = {isa = PBXFileReference; lastKnownFileType = sourcecode.swift; path = PlaceCell.swift; sourceTree = "<group>"; };
		F99BF31B279EDFB700F843E6 /* UIView+Extension.swift */ = {isa = PBXFileReference; lastKnownFileType = sourcecode.swift; path = "UIView+Extension.swift"; sourceTree = "<group>"; };
		F99BF321279F1AE300F843E6 /* PlaceDetailViewController.swift */ = {isa = PBXFileReference; lastKnownFileType = sourcecode.swift; path = PlaceDetailViewController.swift; sourceTree = "<group>"; };
		F99BF32327A055FD00F843E6 /* FilterCategoriesViewController.swift */ = {isa = PBXFileReference; lastKnownFileType = sourcecode.swift; path = FilterCategoriesViewController.swift; sourceTree = "<group>"; };
		F99BF32527A0580700F843E6 /* FilterCategoryModel.swift */ = {isa = PBXFileReference; lastKnownFileType = sourcecode.swift; path = FilterCategoryModel.swift; sourceTree = "<group>"; };
		F99BF32727A06D1300F843E6 /* FilterCategoriesDelegate.swift */ = {isa = PBXFileReference; lastKnownFileType = sourcecode.swift; path = FilterCategoriesDelegate.swift; sourceTree = "<group>"; };
		F9B5D33127A703A800327088 /* UILabel+Extension.swift */ = {isa = PBXFileReference; lastKnownFileType = sourcecode.swift; path = "UILabel+Extension.swift"; sourceTree = "<group>"; };
		F9E5A1FA27A07F22002C1FD3 /* PlaceDetailView.swift */ = {isa = PBXFileReference; lastKnownFileType = sourcecode.swift; path = PlaceDetailView.swift; sourceTree = "<group>"; };
/* End PBXFileReference section */

/* Begin PBXFrameworksBuildPhase section */
		F9686BF72797DB2D00B68824 /* Frameworks */ = {
			isa = PBXFrameworksBuildPhase;
			buildActionMask = 2147483647;
			files = (
				AAF6B2EAF8C6769EF805CE2E /* Pods_PlacesExplorer.framework in Frameworks */,
			);
			runOnlyForDeploymentPostprocessing = 0;
		};
/* End PBXFrameworksBuildPhase section */

/* Begin PBXGroup section */
		CD58A5FDDC1DEAE72F17A49B /* Frameworks */ = {
			isa = PBXGroup;
			children = (
				455CD101C751180AAC57E36D /* Pods_PlacesExplorer.framework */,
			);
			name = Frameworks;
			sourceTree = "<group>";
		};
		F9686BF12797DB2D00B68824 = {
			isa = PBXGroup;
			children = (
				F9686BFC2797DB2D00B68824 /* PlacesExplorer */,
				F9686BFB2797DB2D00B68824 /* Products */,
				FBF17BF092AE5D289B0AB86F /* Pods */,
				CD58A5FDDC1DEAE72F17A49B /* Frameworks */,
			);
			sourceTree = "<group>";
		};
		F9686BFB2797DB2D00B68824 /* Products */ = {
			isa = PBXGroup;
			children = (
				F9686BFA2797DB2D00B68824 /* PlacesExplorer.app */,
			);
			name = Products;
			sourceTree = "<group>";
		};
		F9686BFC2797DB2D00B68824 /* PlacesExplorer */ = {
			isa = PBXGroup;
			children = (
				F9FA084327A59B82000672B2 /* Config */,
				F99BF316279DEC2C00F843E6 /* ViewControllers */,
				F99BF315279DEC2300F843E6 /* Views */,
				F99BF314279DEB1600F843E6 /* Models */,
				F99BF30D279C796900F843E6 /* Services */,
				F9686BFD2797DB2D00B68824 /* AppDelegate.swift */,
				F9686BFF2797DB2D00B68824 /* SceneDelegate.swift */,
				F9686C062797DB3000B68824 /* Assets.xcassets */,
				F9686C0B2797DB3000B68824 /* Info.plist */,
			);
			path = PlacesExplorer;
			sourceTree = "<group>";
		};
		F99BF30D279C796900F843E6 /* Services */ = {
			isa = PBXGroup;
			children = (
				F99BF310279C7CEB00F843E6 /* NetworkService.swift */,
				F99BF312279C7D7000F843E6 /* PlacesEndpoint.swift */,
			);
			path = Services;
			sourceTree = "<group>";
		};
		F99BF314279DEB1600F843E6 /* Models */ = {
			isa = PBXGroup;
			children = (
				F9686C192798125100B68824 /* PlacesModel.swift */,
				F99BF32527A0580700F843E6 /* FilterCategoryModel.swift */,
			);
			path = Models;
			sourceTree = "<group>";
		};
		F99BF315279DEC2300F843E6 /* Views */ = {
			isa = PBXGroup;
			children = (
				F9686C082797DB3000B68824 /* LaunchScreen.storyboard */,
				F99BF319279ECF6900F843E6 /* PlaceCell.swift */,
				F9E5A1FA27A07F22002C1FD3 /* PlaceDetailView.swift */,
				F99BF31B279EDFB700F843E6 /* UIView+Extension.swift */,
				F9B5D33127A703A800327088 /* UILabel+Extension.swift */,
			);
			path = Views;
			sourceTree = "<group>";
		};
		F99BF316279DEC2C00F843E6 /* ViewControllers */ = {
			isa = PBXGroup;
			children = (
				F99BF317279DED5A00F843E6 /* PlacesListViewController.swift */,
				F99BF321279F1AE300F843E6 /* PlaceDetailViewController.swift */,
				F99BF32327A055FD00F843E6 /* FilterCategoriesViewController.swift */,
				F99BF32727A06D1300F843E6 /* FilterCategoriesDelegate.swift */,
			);
			path = ViewControllers;
			sourceTree = "<group>";
		};
		F9FA084327A59B82000672B2 /* Config */ = {
			isa = PBXGroup;
			children = (
				F99BF30E279C797B00F843E6 /* Constants.swift */,
			);
			path = Config;
			sourceTree = "<group>";
		};
		FBF17BF092AE5D289B0AB86F /* Pods */ = {
			isa = PBXGroup;
			children = (
				83C27496DA515AECD52070E8 /* Pods-RestaurantsExplorer.debug.xcconfig */,
				61DF6E2FAA67D494A5295A69 /* Pods-RestaurantsExplorer.release.xcconfig */,
				8827DBB40CE46AB78B899BC2 /* Pods-PlacesExplorer.debug.xcconfig */,
				2860376B7811C250F7835650 /* Pods-PlacesExplorer.release.xcconfig */,
			);
			path = Pods;
			sourceTree = "<group>";
		};
/* End PBXGroup section */

/* Begin PBXNativeTarget section */
		F9686BF92797DB2D00B68824 /* PlacesExplorer */ = {
			isa = PBXNativeTarget;
			buildConfigurationList = F9686C0E2797DB3000B68824 /* Build configuration list for PBXNativeTarget "PlacesExplorer" */;
			buildPhases = (
				7B26752FCAC9C5FBBEBF532A /* [CP] Check Pods Manifest.lock */,
				F9686BF62797DB2D00B68824 /* Sources */,
				F9686BF72797DB2D00B68824 /* Frameworks */,
				F9686BF82797DB2D00B68824 /* Resources */,
				2DB6ADF8E46CB39DE5A7DA6B /* [CP] Embed Pods Frameworks */,
			);
			buildRules = (
			);
			dependencies = (
			);
			name = PlacesExplorer;
			productName = RestaurantsExplorer;
			productReference = F9686BFA2797DB2D00B68824 /* PlacesExplorer.app */;
			productType = "com.apple.product-type.application";
		};
/* End PBXNativeTarget section */

/* Begin PBXProject section */
		F9686BF22797DB2D00B68824 /* Project object */ = {
			isa = PBXProject;
			attributes = {
				BuildIndependentTargetsInParallel = 1;
				LastSwiftUpdateCheck = 1320;
				LastUpgradeCheck = 1320;
				TargetAttributes = {
					F9686BF92797DB2D00B68824 = {
						CreatedOnToolsVersion = 13.2.1;
					};
				};
			};
			buildConfigurationList = F9686BF52797DB2D00B68824 /* Build configuration list for PBXProject "PlacesExplorer" */;
			compatibilityVersion = "Xcode 13.0";
			developmentRegion = en;
			hasScannedForEncodings = 0;
			knownRegions = (
				en,
				Base,
			);
			mainGroup = F9686BF12797DB2D00B68824;
			productRefGroup = F9686BFB2797DB2D00B68824 /* Products */;
			projectDirPath = "";
			projectRoot = "";
			targets = (
				F9686BF92797DB2D00B68824 /* PlacesExplorer */,
			);
		};
/* End PBXProject section */

/* Begin PBXResourcesBuildPhase section */
		F9686BF82797DB2D00B68824 /* Resources */ = {
			isa = PBXResourcesBuildPhase;
			buildActionMask = 2147483647;
			files = (
				F9686C0A2797DB3000B68824 /* LaunchScreen.storyboard in Resources */,
				F9686C072797DB3000B68824 /* Assets.xcassets in Resources */,
			);
			runOnlyForDeploymentPostprocessing = 0;
		};
/* End PBXResourcesBuildPhase section */

/* Begin PBXShellScriptBuildPhase section */
		2DB6ADF8E46CB39DE5A7DA6B /* [CP] Embed Pods Frameworks */ = {
			isa = PBXShellScriptBuildPhase;
			buildActionMask = 2147483647;
			files = (
			);
			inputFileListPaths = (
				"${PODS_ROOT}/Target Support Files/Pods-PlacesExplorer/Pods-PlacesExplorer-frameworks-${CONFIGURATION}-input-files.xcfilelist",
			);
			name = "[CP] Embed Pods Frameworks";
			outputFileListPaths = (
				"${PODS_ROOT}/Target Support Files/Pods-PlacesExplorer/Pods-PlacesExplorer-frameworks-${CONFIGURATION}-output-files.xcfilelist",
			);
			runOnlyForDeploymentPostprocessing = 0;
			shellPath = /bin/sh;
			shellScript = "\"${PODS_ROOT}/Target Support Files/Pods-PlacesExplorer/Pods-PlacesExplorer-frameworks.sh\"\n";
			showEnvVarsInLog = 0;
		};
		7B26752FCAC9C5FBBEBF532A /* [CP] Check Pods Manifest.lock */ = {
			isa = PBXShellScriptBuildPhase;
			buildActionMask = 2147483647;
			files = (
			);
			inputFileListPaths = (
			);
			inputPaths = (
				"${PODS_PODFILE_DIR_PATH}/Podfile.lock",
				"${PODS_ROOT}/Manifest.lock",
			);
			name = "[CP] Check Pods Manifest.lock";
			outputFileListPaths = (
			);
			outputPaths = (
				"$(DERIVED_FILE_DIR)/Pods-PlacesExplorer-checkManifestLockResult.txt",
			);
			runOnlyForDeploymentPostprocessing = 0;
			shellPath = /bin/sh;
			shellScript = "diff \"${PODS_PODFILE_DIR_PATH}/Podfile.lock\" \"${PODS_ROOT}/Manifest.lock\" > /dev/null\nif [ $? != 0 ] ; then\n    # print error to STDERR\n    echo \"error: The sandbox is not in sync with the Podfile.lock. Run 'pod install' or update your CocoaPods installation.\" >&2\n    exit 1\nfi\n# This output is used by Xcode 'outputs' to avoid re-running this script phase.\necho \"SUCCESS\" > \"${SCRIPT_OUTPUT_FILE_0}\"\n";
			showEnvVarsInLog = 0;
		};
/* End PBXShellScriptBuildPhase section */

/* Begin PBXSourcesBuildPhase section */
		F9686BF62797DB2D00B68824 /* Sources */ = {
			isa = PBXSourcesBuildPhase;
			buildActionMask = 2147483647;
			files = (
				F99BF31C279EDFB700F843E6 /* UIView+Extension.swift in Sources */,
				F99BF32627A0580700F843E6 /* FilterCategoryModel.swift in Sources */,
				F9B5D33227A703A800327088 /* UILabel+Extension.swift in Sources */,
				F9686C1A2798125100B68824 /* PlacesModel.swift in Sources */,
				F99BF30F279C797B00F843E6 /* Constants.swift in Sources */,
				F99BF313279C7D7000F843E6 /* PlacesEndpoint.swift in Sources */,
				F99BF318279DED5A00F843E6 /* PlacesListViewController.swift in Sources */,
				F99BF32427A055FD00F843E6 /* FilterCategoriesViewController.swift in Sources */,
				F99BF32827A06D1300F843E6 /* FilterCategoriesDelegate.swift in Sources */,
				F9686BFE2797DB2D00B68824 /* AppDelegate.swift in Sources */,
				F99BF311279C7CEB00F843E6 /* NetworkService.swift in Sources */,
				F99BF322279F1AE300F843E6 /* PlaceDetailViewController.swift in Sources */,
				F9E5A1FB27A07F22002C1FD3 /* PlaceDetailView.swift in Sources */,
				F9686C002797DB2D00B68824 /* SceneDelegate.swift in Sources */,
				F99BF31A279ECF6900F843E6 /* PlaceCell.swift in Sources */,
			);
			runOnlyForDeploymentPostprocessing = 0;
		};
/* End PBXSourcesBuildPhase section */

/* Begin PBXVariantGroup section */
		F9686C082797DB3000B68824 /* LaunchScreen.storyboard */ = {
			isa = PBXVariantGroup;
			children = (
				F9686C092797DB3000B68824 /* Base */,
			);
			name = LaunchScreen.storyboard;
			sourceTree = "<group>";
		};
/* End PBXVariantGroup section */

/* Begin XCBuildConfiguration section */
		F9686C0C2797DB3000B68824 /* Debug */ = {
			isa = XCBuildConfiguration;
			buildSettings = {
				ALWAYS_SEARCH_USER_PATHS = NO;
				CLANG_ANALYZER_NONNULL = YES;
				CLANG_ANALYZER_NUMBER_OBJECT_CONVERSION = YES_AGGRESSIVE;
				CLANG_CXX_LANGUAGE_STANDARD = "gnu++17";
				CLANG_CXX_LIBRARY = "libc++";
				CLANG_ENABLE_MODULES = YES;
				CLANG_ENABLE_OBJC_ARC = YES;
				CLANG_ENABLE_OBJC_WEAK = YES;
				CLANG_WARN_BLOCK_CAPTURE_AUTORELEASING = YES;
				CLANG_WARN_BOOL_CONVERSION = YES;
				CLANG_WARN_COMMA = YES;
				CLANG_WARN_CONSTANT_CONVERSION = YES;
				CLANG_WARN_DEPRECATED_OBJC_IMPLEMENTATIONS = YES;
				CLANG_WARN_DIRECT_OBJC_ISA_USAGE = YES_ERROR;
				CLANG_WARN_DOCUMENTATION_COMMENTS = YES;
				CLANG_WARN_EMPTY_BODY = YES;
				CLANG_WARN_ENUM_CONVERSION = YES;
				CLANG_WARN_INFINITE_RECURSION = YES;
				CLANG_WARN_INT_CONVERSION = YES;
				CLANG_WARN_NON_LITERAL_NULL_CONVERSION = YES;
				CLANG_WARN_OBJC_IMPLICIT_RETAIN_SELF = YES;
				CLANG_WARN_OBJC_LITERAL_CONVERSION = YES;
				CLANG_WARN_OBJC_ROOT_CLASS = YES_ERROR;
				CLANG_WARN_QUOTED_INCLUDE_IN_FRAMEWORK_HEADER = YES;
				CLANG_WARN_RANGE_LOOP_ANALYSIS = YES;
				CLANG_WARN_STRICT_PROTOTYPES = YES;
				CLANG_WARN_SUSPICIOUS_MOVE = YES;
				CLANG_WARN_UNGUARDED_AVAILABILITY = YES_AGGRESSIVE;
				CLANG_WARN_UNREACHABLE_CODE = YES;
				CLANG_WARN__DUPLICATE_METHOD_MATCH = YES;
				COPY_PHASE_STRIP = NO;
				DEBUG_INFORMATION_FORMAT = dwarf;
				ENABLE_STRICT_OBJC_MSGSEND = YES;
				ENABLE_TESTABILITY = YES;
				GCC_C_LANGUAGE_STANDARD = gnu11;
				GCC_DYNAMIC_NO_PIC = NO;
				GCC_NO_COMMON_BLOCKS = YES;
				GCC_OPTIMIZATION_LEVEL = 0;
				GCC_PREPROCESSOR_DEFINITIONS = (
					"DEBUG=1",
					"$(inherited)",
				);
				GCC_WARN_64_TO_32_BIT_CONVERSION = YES;
				GCC_WARN_ABOUT_RETURN_TYPE = YES_ERROR;
				GCC_WARN_UNDECLARED_SELECTOR = YES;
				GCC_WARN_UNINITIALIZED_AUTOS = YES_AGGRESSIVE;
				GCC_WARN_UNUSED_FUNCTION = YES;
				GCC_WARN_UNUSED_VARIABLE = YES;
				IPHONEOS_DEPLOYMENT_TARGET = 15.2;
				MTL_ENABLE_DEBUG_INFO = INCLUDE_SOURCE;
				MTL_FAST_MATH = YES;
				ONLY_ACTIVE_ARCH = YES;
				SDKROOT = iphoneos;
				SWIFT_ACTIVE_COMPILATION_CONDITIONS = DEBUG;
				SWIFT_OPTIMIZATION_LEVEL = "-Onone";
			};
			name = Debug;
		};
		F9686C0D2797DB3000B68824 /* Release */ = {
			isa = XCBuildConfiguration;
			buildSettings = {
				ALWAYS_SEARCH_USER_PATHS = NO;
				CLANG_ANALYZER_NONNULL = YES;
				CLANG_ANALYZER_NUMBER_OBJECT_CONVERSION = YES_AGGRESSIVE;
				CLANG_CXX_LANGUAGE_STANDARD = "gnu++17";
				CLANG_CXX_LIBRARY = "libc++";
				CLANG_ENABLE_MODULES = YES;
				CLANG_ENABLE_OBJC_ARC = YES;
				CLANG_ENABLE_OBJC_WEAK = YES;
				CLANG_WARN_BLOCK_CAPTURE_AUTORELEASING = YES;
				CLANG_WARN_BOOL_CONVERSION = YES;
				CLANG_WARN_COMMA = YES;
				CLANG_WARN_CONSTANT_CONVERSION = YES;
				CLANG_WARN_DEPRECATED_OBJC_IMPLEMENTATIONS = YES;
				CLANG_WARN_DIRECT_OBJC_ISA_USAGE = YES_ERROR;
				CLANG_WARN_DOCUMENTATION_COMMENTS = YES;
				CLANG_WARN_EMPTY_BODY = YES;
				CLANG_WARN_ENUM_CONVERSION = YES;
				CLANG_WARN_INFINITE_RECURSION = YES;
				CLANG_WARN_INT_CONVERSION = YES;
				CLANG_WARN_NON_LITERAL_NULL_CONVERSION = YES;
				CLANG_WARN_OBJC_IMPLICIT_RETAIN_SELF = YES;
				CLANG_WARN_OBJC_LITERAL_CONVERSION = YES;
				CLANG_WARN_OBJC_ROOT_CLASS = YES_ERROR;
				CLANG_WARN_QUOTED_INCLUDE_IN_FRAMEWORK_HEADER = YES;
				CLANG_WARN_RANGE_LOOP_ANALYSIS = YES;
				CLANG_WARN_STRICT_PROTOTYPES = YES;
				CLANG_WARN_SUSPICIOUS_MOVE = YES;
				CLANG_WARN_UNGUARDED_AVAILABILITY = YES_AGGRESSIVE;
				CLANG_WARN_UNREACHABLE_CODE = YES;
				CLANG_WARN__DUPLICATE_METHOD_MATCH = YES;
				COPY_PHASE_STRIP = NO;
				DEBUG_INFORMATION_FORMAT = "dwarf-with-dsym";
				ENABLE_NS_ASSERTIONS = NO;
				ENABLE_STRICT_OBJC_MSGSEND = YES;
				GCC_C_LANGUAGE_STANDARD = gnu11;
				GCC_NO_COMMON_BLOCKS = YES;
				GCC_WARN_64_TO_32_BIT_CONVERSION = YES;
				GCC_WARN_ABOUT_RETURN_TYPE = YES_ERROR;
				GCC_WARN_UNDECLARED_SELECTOR = YES;
				GCC_WARN_UNINITIALIZED_AUTOS = YES_AGGRESSIVE;
				GCC_WARN_UNUSED_FUNCTION = YES;
				GCC_WARN_UNUSED_VARIABLE = YES;
				IPHONEOS_DEPLOYMENT_TARGET = 15.2;
				MTL_ENABLE_DEBUG_INFO = NO;
				MTL_FAST_MATH = YES;
				SDKROOT = iphoneos;
				SWIFT_COMPILATION_MODE = wholemodule;
				SWIFT_OPTIMIZATION_LEVEL = "-O";
				VALIDATE_PRODUCT = YES;
			};
			name = Release;
		};
		F9686C0F2797DB3000B68824 /* Debug */ = {
			isa = XCBuildConfiguration;
			baseConfigurationReference = 8827DBB40CE46AB78B899BC2 /* Pods-PlacesExplorer.debug.xcconfig */;
			buildSettings = {
				ASSETCATALOG_COMPILER_APPICON_NAME = AppIcon;
				ASSETCATALOG_COMPILER_GLOBAL_ACCENT_COLOR_NAME = AccentColor;
				CODE_SIGN_STYLE = Automatic;
				CURRENT_PROJECT_VERSION = 1;
				DEVELOPMENT_TEAM = 6F228H4277;
				GENERATE_INFOPLIST_FILE = YES;
				INFOPLIST_FILE = PlacesExplorer/Info.plist;
				INFOPLIST_KEY_NSLocationWhenInUseUsageDescription = "We’ll use this to personalize your app experience";
				INFOPLIST_KEY_UIApplicationSupportsIndirectInputEvents = YES;
				INFOPLIST_KEY_UILaunchStoryboardName = LaunchScreen;
				INFOPLIST_KEY_UISupportedInterfaceOrientations = UIInterfaceOrientationPortrait;
				INFOPLIST_KEY_UISupportedInterfaceOrientations_iPad = "UIInterfaceOrientationPortrait UIInterfaceOrientationPortraitUpsideDown UIInterfaceOrientationLandscapeLeft UIInterfaceOrientationLandscapeRight";
				INFOPLIST_KEY_UISupportedInterfaceOrientations_iPhone = "UIInterfaceOrientationPortrait UIInterfaceOrientationLandscapeLeft UIInterfaceOrientationLandscapeRight";
				INFOPLIST_KEY_UIUserInterfaceStyle = Light;
				IPHONEOS_DEPLOYMENT_TARGET = 15.0;
				LD_RUNPATH_SEARCH_PATHS = (
					"$(inherited)",
					"@executable_path/Frameworks",
				);
				MARKETING_VERSION = 1.0;
				PRODUCT_BUNDLE_IDENTIFIER = com.devshkliaruk.PlacesExplorer;
				PRODUCT_NAME = "$(TARGET_NAME)";
				SWIFT_EMIT_LOC_STRINGS = YES;
				SWIFT_VERSION = 5.0;
				TARGETED_DEVICE_FAMILY = 1;
			};
			name = Debug;
		};
		F9686C102797DB3000B68824 /* Release */ = {
			isa = XCBuildConfiguration;
			baseConfigurationReference = 2860376B7811C250F7835650 /* Pods-PlacesExplorer.release.xcconfig */;
			buildSettings = {
				ASSETCATALOG_COMPILER_APPICON_NAME = AppIcon;
				ASSETCATALOG_COMPILER_GLOBAL_ACCENT_COLOR_NAME = AccentColor;
				CODE_SIGN_STYLE = Automatic;
				CURRENT_PROJECT_VERSION = 1;
				DEVELOPMENT_TEAM = 6F228H4277;
				GENERATE_INFOPLIST_FILE = YES;
				INFOPLIST_FILE = PlacesExplorer/Info.plist;
				INFOPLIST_KEY_NSLocationWhenInUseUsageDescription = "We’ll use this to personalize your app experience";
				INFOPLIST_KEY_UIApplicationSupportsIndirectInputEvents = YES;
				INFOPLIST_KEY_UILaunchStoryboardName = LaunchScreen;
				INFOPLIST_KEY_UISupportedInterfaceOrientations = UIInterfaceOrientationPortrait;
				INFOPLIST_KEY_UISupportedInterfaceOrientations_iPad = "UIInterfaceOrientationPortrait UIInterfaceOrientationPortraitUpsideDown UIInterfaceOrientationLandscapeLeft UIInterfaceOrientationLandscapeRight";
				INFOPLIST_KEY_UISupportedInterfaceOrientations_iPhone = "UIInterfaceOrientationPortrait UIInterfaceOrientationLandscapeLeft UIInterfaceOrientationLandscapeRight";
				INFOPLIST_KEY_UIUserInterfaceStyle = Light;
				IPHONEOS_DEPLOYMENT_TARGET = 15.0;
				LD_RUNPATH_SEARCH_PATHS = (
					"$(inherited)",
					"@executable_path/Frameworks",
				);
				MARKETING_VERSION = 1.0;
				PRODUCT_BUNDLE_IDENTIFIER = com.devshkliaruk.PlacesExplorer;
				PRODUCT_NAME = "$(TARGET_NAME)";
				SWIFT_EMIT_LOC_STRINGS = YES;
				SWIFT_VERSION = 5.0;
				TARGETED_DEVICE_FAMILY = 1;
			};
			name = Release;
		};
/* End XCBuildConfiguration section */

/* Begin XCConfigurationList section */
		F9686BF52797DB2D00B68824 /* Build configuration list for PBXProject "PlacesExplorer" */ = {
			isa = XCConfigurationList;
			buildConfigurations = (
				F9686C0C2797DB3000B68824 /* Debug */,
				F9686C0D2797DB3000B68824 /* Release */,
			);
			defaultConfigurationIsVisible = 0;
			defaultConfigurationName = Release;
		};
		F9686C0E2797DB3000B68824 /* Build configuration list for PBXNativeTarget "PlacesExplorer" */ = {
			isa = XCConfigurationList;
			buildConfigurations = (
				F9686C0F2797DB3000B68824 /* Debug */,
				F9686C102797DB3000B68824 /* Release */,
			);
			defaultConfigurationIsVisible = 0;
			defaultConfigurationName = Release;
		};
/* End XCConfigurationList section */
	};
	rootObject = F9686BF22797DB2D00B68824 /* Project object */;
}
